
Microsoft Visual Studio Solution File, Format Version 12.00
# Visual Studio 2013
VisualStudioVersion = 12.0.21005.1
MinimumVisualStudioVersion = 10.0.40219.1
Project("{FAE04EC0-301F-11D3-BF4B-00C04F79EFBC}") = "ConsoleApplication1", "ConsoleApplication1.csproj", "{83F8C979-D8BF-4ED2-BF5F-6F76D68E0482}"
EndProject
Project("{FAE04EC0-301F-11D3-BF4B-00C04F79EFBC}") = "FaishenLip", "..\FaishenLip\FaishenLip.csproj", "{4FFC8829-F788-4A0A-A9ED-963C278C7BBC}"
EndProject
Project("{FAE04EC0-301F-11D3-BF4B-00C04F79EFBC}") = "MyTest", "MyTest\MyTest.csproj", "{B817DC18-0E27-4B26-8923-5EBABEFB4FC9}"
EndProject
Global
	GlobalSection(SolutionConfigurationPlatforms) = preSolution
		Debug|Any CPU = Debug|Any CPU
		Release|Any CPU = Release|Any CPU
	EndGlobalSection
	GlobalSection(ProjectConfigurationPlatforms) = postSolution
		{83F8C979-D8BF-4ED2-BF5F-6F76D68E0482}.Debug|Any CPU.ActiveCfg = Debug|Any CPU
		{83F8C979-D8BF-4ED2-BF5F-6F76D68E0482}.Debug|Any CPU.Build.0 = Debug|Any CPU
		{83F8C979-D8BF-4ED2-BF5F-6F76D68E0482}.Release|Any CPU.ActiveCfg = Release|Any CPU
		{83F8C979-D8BF-4ED2-BF5F-6F76D68E0482}.Release|Any CPU.Build.0 = Release|Any CPU
		{4FFC8829-F788-4A0A-A9ED-963C278C7BBC}.Debug|Any CPU.ActiveCfg = Debug|Any CPU
		{4FFC8829-F788-4A0A-A9ED-963C278C7BBC}.Debug|Any CPU.Build.0 = Debug|Any CPU
		{4FFC8829-F788-4A0A-A9ED-963C278C7BBC}.Release|Any CPU.ActiveCfg = Release|Any CPU
		{4FFC8829-F788-4A0A-A9ED-963C278C7BBC}.Release|Any CPU.Build.0 = Release|Any CPU
		{B817DC18-0E27-4B26-8923-5EBABEFB4FC9}.Debug|Any CPU.ActiveCfg = Debug|Any CPU
		{B817DC18-0E27-4B26-8923-5EBABEFB4FC9}.Debug|Any CPU.Build.0 = Debug|Any CPU
		{B817DC18-0E27-4B26-8923-5EBABEFB4FC9}.Release|Any CPU.ActiveCfg = Release|Any CPU
		{B817DC18-0E27-4B26-8923-5EBABEFB4FC9}.Release|Any CPU.Build.0 = Release|Any CPU
	EndGlobalSection
	GlobalSection(SolutionProperties) = preSolution
		HideSolutionNode = FALSE
	EndGlobalSection
EndGlobal
